
Microsoft Visual Studio Solution File, Format Version 12.00
# Visual Studio Version 17
VisualStudioVersion = 17.1.32421.90
MinimumVisualStudioVersion = 10.0.40219.1
Project("{FAE04EC0-301F-11D3-BF4B-00C04F79EFBC}") = "ShopASPNETCore", "ShopASPNETCore\ShopASPNETCore.csproj", "{541027C7-60D8-4625-98FF-78E75531FB31}"
EndProject
Global
	GlobalSection(SolutionConfigurationPlatforms) = preSolution
		Debug|Any CPU = Debug|Any CPU
		Release|Any CPU = Release|Any CPU
	EndGlobalSection
	GlobalSection(ProjectConfigurationPlatforms) = postSolution
		{541027C7-60D8-4625-98FF-78E75531FB31}.Debug|Any CPU.ActiveCfg = Debug|Any CPU
		{541027C7-60D8-4625-98FF-78E75531FB31}.Debug|Any CPU.Build.0 = Debug|Any CPU
		{541027C7-60D8-4625-98FF-78E75531FB31}.Release|Any CPU.ActiveCfg = Release|Any CPU
		{541027C7-60D8-4625-98FF-78E75531FB31}.Release|Any CPU.Build.0 = Release|Any CPU
	EndGlobalSection
	GlobalSection(SolutionProperties) = preSolution
		HideSolutionNode = FALSE
	EndGlobalSection
	GlobalSection(ExtensibilityGlobals) = postSolution
		SolutionGuid = {98A3114F-F085-4BC3-9F33-3BAA314578EE}
	EndGlobalSection
EndGlobal
